// !$*UTF8*$!
{
	archiveVersion = 1;
	classes = {
	};
	objectVersion = 51;
	objects = {

/* Begin PBXBuildFile section */
		56B99A3D2667D14000EF4C57 /* AppDelegate.swift in Sources */ = {isa = PBXBuildFile; fileRef = 56B99A3C2667D14000EF4C57 /* AppDelegate.swift */; };
		56B99A3F2667D14000EF4C57 /* SceneDelegate.swift in Sources */ = {isa = PBXBuildFile; fileRef = 56B99A3E2667D14000EF4C57 /* SceneDelegate.swift */; };
		56B99A412667D14000EF4C57 /* ViewController.swift in Sources */ = {isa = PBXBuildFile; fileRef = 56B99A402667D14000EF4C57 /* ViewController.swift */; };
		56B99A442667D14000EF4C57 /* Main.storyboard in Resources */ = {isa = PBXBuildFile; fileRef = 56B99A422667D14000EF4C57 /* Main.storyboard */; };
		56B99A462667D14400EF4C57 /* Assets.xcassets in Resources */ = {isa = PBXBuildFile; fileRef = 56B99A452667D14400EF4C57 /* Assets.xcassets */; };
		56B99A492667D14400EF4C57 /* LaunchScreen.storyboard in Resources */ = {isa = PBXBuildFile; fileRef = 56B99A472667D14400EF4C57 /* LaunchScreen.storyboard */; };
		56B99A542667D14500EF4C57 /* my_first_xcode_appTests.swift in Sources */ = {isa = PBXBuildFile; fileRef = 56B99A532667D14500EF4C57 /* my_first_xcode_appTests.swift */; };
		56B99A5F2667D14500EF4C57 /* my_first_xcode_appUITests.swift in Sources */ = {isa = PBXBuildFile; fileRef = 56B99A5E2667D14500EF4C57 /* my_first_xcode_appUITests.swift */; };
/* End PBXBuildFile section */

/* Begin PBXContainerItemProxy section */
		56B99A502667D14500EF4C57 /* PBXContainerItemProxy */ = {
			isa = PBXContainerItemProxy;
			containerPortal = 56B99A312667D14000EF4C57 /* Project object */;
			proxyType = 1;
			remoteGlobalIDString = 56B99A382667D14000EF4C57;
			remoteInfo = "my first xcode app";
		};
		56B99A5B2667D14500EF4C57 /* PBXContainerItemProxy */ = {
			isa = PBXContainerItemProxy;
			containerPortal = 56B99A312667D14000EF4C57 /* Project object */;
			proxyType = 1;
			remoteGlobalIDString = 56B99A382667D14000EF4C57;
			remoteInfo = "my first xcode app";
		};
/* End PBXContainerItemProxy section */

/* Begin PBXFileReference section */
		56B99A392667D14000EF4C57 /* my first xcode app.app */ = {isa = PBXFileReference; explicitFileType = wrapper.application; includeInIndex = 0; path = "my first xcode app.app"; sourceTree = BUILT_PRODUCTS_DIR; };
		56B99A3C2667D14000EF4C57 /* AppDelegate.swift */ = {isa = PBXFileReference; lastKnownFileType = sourcecode.swift; path = AppDelegate.swift; sourceTree = "<group>"; };
		56B99A3E2667D14000EF4C57 /* SceneDelegate.swift */ = {isa = PBXFileReference; lastKnownFileType = sourcecode.swift; path = SceneDelegate.swift; sourceTree = "<group>"; };
		56B99A402667D14000EF4C57 /* ViewController.swift */ = {isa = PBXFileReference; lastKnownFileType = sourcecode.swift; path = ViewController.swift; sourceTree = "<group>"; };
		56B99A432667D14000EF4C57 /* Base */ = {isa = PBXFileReference; lastKnownFileType = file.storyboard; name = Base; path = Base.lproj/Main.storyboard; sourceTree = "<group>"; };
		56B99A452667D14400EF4C57 /* Assets.xcassets */ = {isa = PBXFileReference; lastKnownFileType = folder.assetcatalog; path = Assets.xcassets; sourceTree = "<group>"; };
		56B99A482667D14400EF4C57 /* Base */ = {isa = PBXFileReference; lastKnownFileType = file.storyboard; name = Base; path = Base.lproj/LaunchScreen.storyboard; sourceTree = "<group>"; };
		56B99A4A2667D14400EF4C57 /* Info.plist */ = {isa = PBXFileReference; lastKnownFileType = text.plist.xml; path = Info.plist; sourceTree = "<group>"; };
		56B99A4F2667D14500EF4C57 /* my first xcode appTests.xctest */ = {isa = PBXFileReference; explicitFileType = wrapper.cfbundle; includeInIndex = 0; path = "my first xcode appTests.xctest"; sourceTree = BUILT_PRODUCTS_DIR; };
		56B99A532667D14500EF4C57 /* my_first_xcode_appTests.swift */ = {isa = PBXFileReference; lastKnownFileType = sourcecode.swift; path = my_first_xcode_appTests.swift; sourceTree = "<group>"; };
		56B99A552667D14500EF4C57 /* Info.plist */ = {isa = PBXFileReference; lastKnownFileType = text.plist.xml; path = Info.plist; sourceTree = "<group>"; };
		56B99A5A2667D14500EF4C57 /* my first xcode appUITests.xctest */ = {isa = PBXFileReference; explicitFileType = wrapper.cfbundle; includeInIndex = 0; path = "my first xcode appUITests.xctest"; sourceTree = BUILT_PRODUCTS_DIR; };
		56B99A5E2667D14500EF4C57 /* my_first_xcode_appUITests.swift */ = {isa = PBXFileReference; lastKnownFileType = sourcecode.swift; path = my_first_xcode_appUITests.swift; sourceTree = "<group>"; };
		56B99A602667D14500EF4C57 /* Info.plist */ = {isa = PBXFileReference; lastKnownFileType = text.plist.xml; path = Info.plist; sourceTree = "<group>"; };
/* End PBXFileReference section */

/* Begin PBXFrameworksBuildPhase section */
		56B99A362667D14000EF4C57 /* Frameworks */ = {
			isa = PBXFrameworksBuildPhase;
			buildActionMask = 2147483647;
			files = (
			);
			runOnlyForDeploymentPostprocessing = 0;
		};
		56B99A4C2667D14500EF4C57 /* Frameworks */ = {
			isa = PBXFrameworksBuildPhase;
			buildActionMask = 2147483647;
			files = (
			);
			runOnlyForDeploymentPostprocessing = 0;
		};
		56B99A572667D14500EF4C57 /* Frameworks */ = {
			isa = PBXFrameworksBuildPhase;
			buildActionMask = 2147483647;
			files = (
			);
			runOnlyForDeploymentPostprocessing = 0;
		};
/* End PBXFrameworksBuildPhase section */

/* Begin PBXGroup section */
		56B99A302667D14000EF4C57 = {
			isa = PBXGroup;
			children = (
				56B99A3B2667D14000EF4C57 /* my first xcode app */,
				56B99A522667D14500EF4C57 /* my first xcode appTests */,
				56B99A5D2667D14500EF4C57 /* my first xcode appUITests */,
				56B99A3A2667D14000EF4C57 /* Products */,
			);
			sourceTree = "<group>";
		};
		56B99A3A2667D14000EF4C57 /* Products */ = {
			isa = PBXGroup;
			children = (
				56B99A392667D14000EF4C57 /* my first xcode app.app */,
				56B99A4F2667D14500EF4C57 /* my first xcode appTests.xctest */,
				56B99A5A2667D14500EF4C57 /* my first xcode appUITests.xctest */,
			);
			name = Products;
			sourceTree = "<group>";
		};
		56B99A3B2667D14000EF4C57 /* my first xcode app */ = {
			isa = PBXGroup;
			children = (
				56B99A3C2667D14000EF4C57 /* AppDelegate.swift */,
				56B99A3E2667D14000EF4C57 /* SceneDelegate.swift */,
				56B99A402667D14000EF4C57 /* ViewController.swift */,
				56B99A422667D14000EF4C57 /* Main.storyboard */,
				56B99A452667D14400EF4C57 /* Assets.xcassets */,
				56B99A472667D14400EF4C57 /* LaunchScreen.storyboard */,
				56B99A4A2667D14400EF4C57 /* Info.plist */,
			);
			path = "my first xcode app";
			sourceTree = "<group>";
		};
		56B99A522667D14500EF4C57 /* my first xcode appTests */ = {
			isa = PBXGroup;
			children = (
				56B99A532667D14500EF4C57 /* my_first_xcode_appTests.swift */,
				56B99A552667D14500EF4C57 /* Info.plist */,
			);
			path = "my first xcode appTests";
			sourceTree = "<group>";
		};
		56B99A5D2667D14500EF4C57 /* my first xcode appUITests */ = {
			isa = PBXGroup;
			children = (
				56B99A5E2667D14500EF4C57 /* my_first_xcode_appUITests.swift */,
				56B99A602667D14500EF4C57 /* Info.plist */,
			);
			path = "my first xcode appUITests";
			sourceTree = "<group>";
		};
/* End PBXGroup section */

/* Begin PBXNativeTarget section */
		56B99A382667D14000EF4C57 /* my first xcode app */ = {
			isa = PBXNativeTarget;
			buildConfigurationList = 56B99A632667D14500EF4C57 /* Build configuration list for PBXNativeTarget "my first xcode app" */;
			buildPhases = (
				56B99A352667D14000EF4C57 /* Sources */,
				56B99A362667D14000EF4C57 /* Frameworks */,
				56B99A372667D14000EF4C57 /* Resources */,
			);
			buildRules = (
			);
			dependencies = (
			);
			name = "my first xcode app";
			productName = "my first xcode app";
			productReference = 56B99A392667D14000EF4C57 /* my first xcode app.app */;
			productType = "com.apple.product-type.application";
		};
		56B99A4E2667D14500EF4C57 /* my first xcode appTests */ = {
			isa = PBXNativeTarget;
			buildConfigurationList = 56B99A662667D14500EF4C57 /* Build configuration list for PBXNativeTarget "my first xcode appTests" */;
			buildPhases = (
				56B99A4B2667D14500EF4C57 /* Sources */,
				56B99A4C2667D14500EF4C57 /* Frameworks */,
				56B99A4D2667D14500EF4C57 /* Resources */,
			);
			buildRules = (
			);
			dependencies = (
				56B99A512667D14500EF4C57 /* PBXTargetDependency */,
			);
			name = "my first xcode appTests";
			productName = "my first xcode appTests";
			productReference = 56B99A4F2667D14500EF4C57 /* my first xcode appTests.xctest */;
			productType = "com.apple.product-type.bundle.unit-test";
		};
		56B99A592667D14500EF4C57 /* my first xcode appUITests */ = {
			isa = PBXNativeTarget;
			buildConfigurationList = 56B99A692667D14500EF4C57 /* Build configuration list for PBXNativeTarget "my first xcode appUITests" */;
			buildPhases = (
				56B99A562667D14500EF4C57 /* Sources */,
				56B99A572667D14500EF4C57 /* Frameworks */,
				56B99A582667D14500EF4C57 /* Resources */,
			);
			buildRules = (
			);
			dependencies = (
				56B99A5C2667D14500EF4C57 /* PBXTargetDependency */,
			);
			name = "my first xcode appUITests";
			productName = "my first xcode appUITests";
			productReference = 56B99A5A2667D14500EF4C57 /* my first xcode appUITests.xctest */;
			productType = "com.apple.product-type.bundle.ui-testing";
		};
/* End PBXNativeTarget section */

/* Begin PBXProject section */
		56B99A312667D14000EF4C57 /* Project object */ = {
			isa = PBXProject;
			attributes = {
				LastSwiftUpdateCheck = 1250;
				LastUpgradeCheck = 1250;
				TargetAttributes = {
					56B99A382667D14000EF4C57 = {
						CreatedOnToolsVersion = 12.5;
					};
					56B99A4E2667D14500EF4C57 = {
						CreatedOnToolsVersion = 12.5;
						TestTargetID = 56B99A382667D14000EF4C57;
					};
					56B99A592667D14500EF4C57 = {
						CreatedOnToolsVersion = 12.5;
						TestTargetID = 56B99A382667D14000EF4C57;
					};
				};
			};
			buildConfigurationList = 56B99A342667D14000EF4C57 /* Build configuration list for PBXProject "my first xcode app" */;
			compatibilityVersion = "Xcode 10.0";
			developmentRegion = en;
			hasScannedForEncodings = 0;
			knownRegions = (
				en,
				Base,
			);
			mainGroup = 56B99A302667D14000EF4C57;
			productRefGroup = 56B99A3A2667D14000EF4C57 /* Products */;
			projectDirPath = "";
			projectRoot = "";
			targets = (
				56B99A382667D14000EF4C57 /* my first xcode app */,
				56B99A4E2667D14500EF4C57 /* my first xcode appTests */,
				56B99A592667D14500EF4C57 /* my first xcode appUITests */,
			);
		};
/* End PBXProject section */

/* Begin PBXResourcesBuildPhase section */
		56B99A372667D14000EF4C57 /* Resources */ = {
			isa = PBXResourcesBuildPhase;
			buildActionMask = 2147483647;
			files = (
				56B99A492667D14400EF4C57 /* LaunchScreen.storyboard in Resources */,
				56B99A462667D14400EF4C57 /* Assets.xcassets in Resources */,
				56B99A442667D14000EF4C57 /* Main.storyboard in Resources */,
			);
			runOnlyForDeploymentPostprocessing = 0;
		};
		56B99A4D2667D14500EF4C57 /* Resources */ = {
			isa = PBXResourcesBuildPhase;
			buildActionMask = 2147483647;
			files = (
			);
			runOnlyForDeploymentPostprocessing = 0;
		};
		56B99A582667D14500EF4C57 /* Resources */ = {
			isa = PBXResourcesBuildPhase;
			buildActionMask = 2147483647;
			files = (
			);
			runOnlyForDeploymentPostprocessing = 0;
		};
/* End PBXResourcesBuildPhase section */

/* Begin PBXSourcesBuildPhase section */
		56B99A352667D14000EF4C57 /* Sources */ = {
			isa = PBXSourcesBuildPhase;
			buildActionMask = 2147483647;
			files = (
				56B99A412667D14000EF4C57 /* ViewController.swift in Sources */,
				56B99A3D2667D14000EF4C57 /* AppDelegate.swift in Sources */,
				56B99A3F2667D14000EF4C57 /* SceneDelegate.swift in Sources */,
			);
			runOnlyForDeploymentPostprocessing = 0;
		};
		56B99A4B2667D14500EF4C57 /* Sources */ = {
			isa = PBXSourcesBuildPhase;
			buildActionMask = 2147483647;
			files = (
				56B99A542667D14500EF4C57 /* my_first_xcode_appTests.swift in Sources */,
			);
			runOnlyForDeploymentPostprocessing = 0;
		};
		56B99A562667D14500EF4C57 /* Sources */ = {
			isa = PBXSourcesBuildPhase;
			buildActionMask = 2147483647;
			files = (
				56B99A5F2667D14500EF4C57 /* my_first_xcode_appUITests.swift in Sources */,
			);
			runOnlyForDeploymentPostprocessing = 0;
		};
/* End PBXSourcesBuildPhase section */

/* Begin PBXTargetDependency section */
		56B99A512667D14500EF4C57 /* PBXTargetDependency */ = {
			isa = PBXTargetDependency;
			target = 56B99A382667D14000EF4C57 /* my first xcode app */;
			targetProxy = 56B99A502667D14500EF4C57 /* PBXContainerItemProxy */;
		};
		56B99A5C2667D14500EF4C57 /* PBXTargetDependency */ = {
			isa = PBXTargetDependency;
			target = 56B99A382667D14000EF4C57 /* my first xcode app */;
			targetProxy = 56B99A5B2667D14500EF4C57 /* PBXContainerItemProxy */;
		};
/* End PBXTargetDependency section */

/* Begin PBXVariantGroup section */
		56B99A422667D14000EF4C57 /* Main.storyboard */ = {
			isa = PBXVariantGroup;
			children = (
				56B99A432667D14000EF4C57 /* Base */,
			);
			name = Main.storyboard;
			sourceTree = "<group>";
		};
		56B99A472667D14400EF4C57 /* LaunchScreen.storyboard */ = {
			isa = PBXVariantGroup;
			children = (
				56B99A482667D14400EF4C57 /* Base */,
			);
			name = LaunchScreen.storyboard;
			sourceTree = "<group>";
		};
/* End PBXVariantGroup section */

/* Begin XCBuildConfiguration section */
		56B99A612667D14500EF4C57 /* Debug */ = {
			isa = XCBuildConfiguration;
			buildSettings = {
				ALWAYS_SEARCH_USER_PATHS = NO;
				CLANG_ANALYZER_NONNULL = YES;
				CLANG_ANALYZER_NUMBER_OBJECT_CONVERSION = YES_AGGRESSIVE;
				CLANG_CXX_LANGUAGE_STANDARD = "gnu++14";
				CLANG_CXX_LIBRARY = "libc++";
				CLANG_ENABLE_MODULES = YES;
				CLANG_ENABLE_OBJC_ARC = YES;
				CLANG_ENABLE_OBJC_WEAK = YES;
				CLANG_WARN_BLOCK_CAPTURE_AUTORELEASING = YES;
				CLANG_WARN_BOOL_CONVERSION = YES;
				CLANG_WARN_COMMA = YES;
				CLANG_WARN_CONSTANT_CONVERSION = YES;
				CLANG_WARN_DEPRECATED_OBJC_IMPLEMENTATIONS = YES;
				CLANG_WARN_DIRECT_OBJC_ISA_USAGE = YES_ERROR;
				CLANG_WARN_DOCUMENTATION_COMMENTS = YES;
				CLANG_WARN_EMPTY_BODY = YES;
				CLANG_WARN_ENUM_CONVERSION = YES;
				CLANG_WARN_INFINITE_RECURSION = YES;
				CLANG_WARN_INT_CONVERSION = YES;
				CLANG_WARN_NON_LITERAL_NULL_CONVERSION = YES;
				CLANG_WARN_OBJC_IMPLICIT_RETAIN_SELF = YES;
				CLANG_WARN_OBJC_LITERAL_CONVERSION = YES;
				CLANG_WARN_OBJC_ROOT_CLASS = YES_ERROR;
				CLANG_WARN_QUOTED_INCLUDE_IN_FRAMEWORK_HEADER = YES;
				CLANG_WARN_RANGE_LOOP_ANALYSIS = YES;
				CLANG_WARN_STRICT_PROTOTYPES = YES;
				CLANG_WARN_SUSPICIOUS_MOVE = YES;
				CLANG_WARN_UNGUARDED_AVAILABILITY = YES_AGGRESSIVE;
				CLANG_WARN_UNREACHABLE_CODE = YES;
				CLANG_WARN__DUPLICATE_METHOD_MATCH = YES;
				COPY_PHASE_STRIP = NO;
				DEBUG_INFORMATION_FORMAT = dwarf;
				ENABLE_STRICT_OBJC_MSGSEND = YES;
				ENABLE_TESTABILITY = YES;
				GCC_C_LANGUAGE_STANDARD = gnu11;
				GCC_DYNAMIC_NO_PIC = NO;
				GCC_NO_COMMON_BLOCKS = YES;
				GCC_OPTIMIZATION_LEVEL = 0;
				GCC_PREPROCESSOR_DEFINITIONS = (
					"DEBUG=1",
					"$(inherited)",
				);
				GCC_WARN_64_TO_32_BIT_CONVERSION = YES;
				GCC_WARN_ABOUT_RETURN_TYPE = YES_ERROR;
				GCC_WARN_UNDECLARED_SELECTOR = YES;
				GCC_WARN_UNINITIALIZED_AUTOS = YES_AGGRESSIVE;
				GCC_WARN_UNUSED_FUNCTION = YES;
				GCC_WARN_UNUSED_VARIABLE = YES;
				IPHONEOS_DEPLOYMENT_TARGET = 14.5;
				MTL_ENABLE_DEBUG_INFO = INCLUDE_SOURCE;
				MTL_FAST_MATH = YES;
				ONLY_ACTIVE_ARCH = YES;
				SDKROOT = iphoneos;
				SWIFT_ACTIVE_COMPILATION_CONDITIONS = DEBUG;
				SWIFT_OPTIMIZATION_LEVEL = "-Onone";
			};
			name = Debug;
		};
		56B99A622667D14500EF4C57 /* Release */ = {
			isa = XCBuildConfiguration;
			buildSettings = {
				ALWAYS_SEARCH_USER_PATHS = NO;
				CLANG_ANALYZER_NONNULL = YES;
				CLANG_ANALYZER_NUMBER_OBJECT_CONVERSION = YES_AGGRESSIVE;
				CLANG_CXX_LANGUAGE_STANDARD = "gnu++14";
				CLANG_CXX_LIBRARY = "libc++";
				CLANG_ENABLE_MODULES = YES;
				CLANG_ENABLE_OBJC_ARC = YES;
				CLANG_ENABLE_OBJC_WEAK = YES;
				CLANG_WARN_BLOCK_CAPTURE_AUTORELEASING = YES;
				CLANG_WARN_BOOL_CONVERSION = YES;
				CLANG_WARN_COMMA = YES;
				CLANG_WARN_CONSTANT_CONVERSION = YES;
				CLANG_WARN_DEPRECATED_OBJC_IMPLEMENTATIONS = YES;
				CLANG_WARN_DIRECT_OBJC_ISA_USAGE = YES_ERROR;
				CLANG_WARN_DOCUMENTATION_COMMENTS = YES;
				CLANG_WARN_EMPTY_BODY = YES;
				CLANG_WARN_ENUM_CONVERSION = YES;
				CLANG_WARN_INFINITE_RECURSION = YES;
				CLANG_WARN_INT_CONVERSION = YES;
				CLANG_WARN_NON_LITERAL_NULL_CONVERSION = YES;
				CLANG_WARN_OBJC_IMPLICIT_RETAIN_SELF = YES;
				CLANG_WARN_OBJC_LITERAL_CONVERSION = YES;
				CLANG_WARN_OBJC_ROOT_CLASS = YES_ERROR;
				CLANG_WARN_QUOTED_INCLUDE_IN_FRAMEWORK_HEADER = YES;
				CLANG_WARN_RANGE_LOOP_ANALYSIS = YES;
				CLANG_WARN_STRICT_PROTOTYPES = YES;
				CLANG_WARN_SUSPICIOUS_MOVE = YES;
				CLANG_WARN_UNGUARDED_AVAILABILITY = YES_AGGRESSIVE;
				CLANG_WARN_UNREACHABLE_CODE = YES;
				CLANG_WARN__DUPLICATE_METHOD_MATCH = YES;
				COPY_PHASE_STRIP = NO;
				DEBUG_INFORMATION_FORMAT = "dwarf-with-dsym";
				ENABLE_NS_ASSERTIONS = NO;
				ENABLE_STRICT_OBJC_MSGSEND = YES;
				GCC_C_LANGUAGE_STANDARD = gnu11;
				GCC_NO_COMMON_BLOCKS = YES;
				GCC_WARN_64_TO_32_BIT_CONVERSION = YES;
				GCC_WARN_ABOUT_RETURN_TYPE = YES_ERROR;
				GCC_WARN_UNDECLARED_SELECTOR = YES;
				GCC_WARN_UNINITIALIZED_AUTOS = YES_AGGRESSIVE;
				GCC_WARN_UNUSED_FUNCTION = YES;
				GCC_WARN_UNUSED_VARIABLE = YES;
				IPHONEOS_DEPLOYMENT_TARGET = 14.5;
				MTL_ENABLE_DEBUG_INFO = NO;
				MTL_FAST_MATH = YES;
				SDKROOT = iphoneos;
				SWIFT_COMPILATION_MODE = wholemodule;
				SWIFT_OPTIMIZATION_LEVEL = "-O";
				VALIDATE_PRODUCT = YES;
			};
			name = Release;
		};
		56B99A642667D14500EF4C57 /* Debug */ = {
			isa = XCBuildConfiguration;
			buildSettings = {
				ASSETCATALOG_COMPILER_APPICON_NAME = AppIcon;
				ASSETCATALOG_COMPILER_GLOBAL_ACCENT_COLOR_NAME = AccentColor;
				CODE_SIGN_STYLE = Automatic;
				DEVELOPMENT_TEAM = 46G5687DPM;
				INFOPLIST_FILE = "my first xcode app/Info.plist";
				IPHONEOS_DEPLOYMENT_TARGET = 13.0;
				LD_RUNPATH_SEARCH_PATHS = (
					"$(inherited)",
					"@executable_path/Frameworks",
				);
				PRODUCT_BUNDLE_IDENTIFIER = "com.francescopercassi.test.my-first-xcode-app";
				PRODUCT_NAME = "$(TARGET_NAME)";
				SWIFT_VERSION = 5.0;
				TARGETED_DEVICE_FAMILY = "1,2";
			};
			name = Debug;
		};
		56B99A652667D14500EF4C57 /* Release */ = {
			isa = XCBuildConfiguration;
			buildSettings = {
				ASSETCATALOG_COMPILER_APPICON_NAME = AppIcon;
				ASSETCATALOG_COMPILER_GLOBAL_ACCENT_COLOR_NAME = AccentColor;
				CODE_SIGN_STYLE = Automatic;
				DEVELOPMENT_TEAM = 46G5687DPM;
				INFOPLIST_FILE = "my first xcode app/Info.plist";
				IPHONEOS_DEPLOYMENT_TARGET = 13.0;
				LD_RUNPATH_SEARCH_PATHS = (
					"$(inherited)",
					"@executable_path/Frameworks",
				);
				PRODUCT_BUNDLE_IDENTIFIER = "com.francescopercassi.test.my-first-xcode-app";
				PRODUCT_NAME = "$(TARGET_NAME)";
				SWIFT_VERSION = 5.0;
				TARGETED_DEVICE_FAMILY = "1,2";
			};
			name = Release;
		};
		56B99A672667D14500EF4C57 /* Debug */ = {
			isa = XCBuildConfiguration;
			buildSettings = {
				ALWAYS_EMBED_SWIFT_STANDARD_LIBRARIES = YES;
				BUNDLE_LOADER = "$(TEST_HOST)";
				CODE_SIGN_STYLE = Automatic;
				INFOPLIST_FILE = "my first xcode appTests/Info.plist";
				IPHONEOS_DEPLOYMENT_TARGET = 14.5;
				LD_RUNPATH_SEARCH_PATHS = (
					"$(inherited)",
					"@executable_path/Frameworks",
					"@loader_path/Frameworks",
				);
				PRODUCT_BUNDLE_IDENTIFIER = "com.francescopercassi.test.my-first-xcode-appTests";
				PRODUCT_NAME = "$(TARGET_NAME)";
				SWIFT_VERSION = 5.0;
				TARGETED_DEVICE_FAMILY = "1,2";
				TEST_HOST = "$(BUILT_PRODUCTS_DIR)/my first xcode app.app/my first xcode app";
			};
			name = Debug;
		};
		56B99A682667D14500EF4C57 /* Release */ = {
			isa = XCBuildConfiguration;
			buildSettings = {
				ALWAYS_EMBED_SWIFT_STANDARD_LIBRARIES = YES;
				BUNDLE_LOADER = "$(TEST_HOST)";
				CODE_SIGN_STYLE = Automatic;
				INFOPLIST_FILE = "my first xcode appTests/Info.plist";
				IPHONEOS_DEPLOYMENT_TARGET = 14.5;
				LD_RUNPATH_SEARCH_PATHS = (
					"$(inherited)",
					"@executable_path/Frameworks",
					"@loader_path/Frameworks",
				);
				PRODUCT_BUNDLE_IDENTIFIER = "com.francescopercassi.test.my-first-xcode-appTests";
				PRODUCT_NAME = "$(TARGET_NAME)";
				SWIFT_VERSION = 5.0;
				TARGETED_DEVICE_FAMILY = "1,2";
				TEST_HOST = "$(BUILT_PRODUCTS_DIR)/my first xcode app.app/my first xcode app";
			};
			name = Release;
		};
		56B99A6A2667D14500EF4C57 /* Debug */ = {
			isa = XCBuildConfiguration;
			buildSettings = {
				ALWAYS_EMBED_SWIFT_STANDARD_LIBRARIES = YES;
				CODE_SIGN_STYLE = Automatic;
				INFOPLIST_FILE = "my first xcode appUITests/Info.plist";
				LD_RUNPATH_SEARCH_PATHS = (
					"$(inherited)",
					"@executable_path/Frameworks",
					"@loader_path/Frameworks",
				);
				PRODUCT_BUNDLE_IDENTIFIER = "com.francescopercassi.test.my-first-xcode-appUITests";
				PRODUCT_NAME = "$(TARGET_NAME)";
				SWIFT_VERSION = 5.0;
				TARGETED_DEVICE_FAMILY = "1,2";
				TEST_TARGET_NAME = "my first xcode app";
			};
			name = Debug;
		};
		56B99A6B2667D14500EF4C57 /* Release */ = {
			isa = XCBuildConfiguration;
			buildSettings = {
				ALWAYS_EMBED_SWIFT_STANDARD_LIBRARIES = YES;
				CODE_SIGN_STYLE = Automatic;
				INFOPLIST_FILE = "my first xcode appUITests/Info.plist";
				LD_RUNPATH_SEARCH_PATHS = (
					"$(inherited)",
					"@executable_path/Frameworks",
					"@loader_path/Frameworks",
				);
				PRODUCT_BUNDLE_IDENTIFIER = "com.francescopercassi.test.my-first-xcode-appUITests";
				PRODUCT_NAME = "$(TARGET_NAME)";
				SWIFT_VERSION = 5.0;
				TARGETED_DEVICE_FAMILY = "1,2";
				TEST_TARGET_NAME = "my first xcode app";
			};
			name = Release;
		};
/* End XCBuildConfiguration section */

/* Begin XCConfigurationList section */
		56B99A342667D14000EF4C57 /* Build configuration list for PBXProject "my first xcode app" */ = {
			isa = XCConfigurationList;
			buildConfigurations = (
				56B99A612667D14500EF4C57 /* Debug */,
				56B99A622667D14500EF4C57 /* Release */,
			);
			defaultConfigurationIsVisible = 0;
			defaultConfigurationName = Release;
		};
		56B99A632667D14500EF4C57 /* Build configuration list for PBXNativeTarget "my first xcode app" */ = {
			isa = XCConfigurationList;
			buildConfigurations = (
				56B99A642667D14500EF4C57 /* Debug */,
				56B99A652667D14500EF4C57 /* Release */,
			);
			defaultConfigurationIsVisible = 0;
			defaultConfigurationName = Release;
		};
		56B99A662667D14500EF4C57 /* Build configuration list for PBXNativeTarget "my first xcode appTests" */ = {
			isa = XCConfigurationList;
			buildConfigurations = (
				56B99A672667D14500EF4C57 /* Debug */,
				56B99A682667D14500EF4C57 /* Release */,
			);
			defaultConfigurationIsVisible = 0;
			defaultConfigurationName = Release;
		};
		56B99A692667D14500EF4C57 /* Build configuration list for PBXNativeTarget "my first xcode appUITests" */ = {
			isa = XCConfigurationList;
			buildConfigurations = (
				56B99A6A2667D14500EF4C57 /* Debug */,
				56B99A6B2667D14500EF4C57 /* Release */,
			);
			defaultConfigurationIsVisible = 0;
			defaultConfigurationName = Release;
		};
/* End XCConfigurationList section */
	};
	rootObject = 56B99A312667D14000EF4C57 /* Project object */;
}
